
Microsoft Visual Studio Solution File, Format Version 12.00
# Visual Studio 15
VisualStudioVersion = 15.0.26730.3
MinimumVisualStudioVersion = 10.0.40219.1
Project("{9A19103F-16F7-4668-BE54-9A1E7A4F7556}") = "gcs.core", "src\gcs.core.csproj", "{9C30607C-7402-4F9B-9CBD-2989B862893E}"
EndProject
Project("{9A19103F-16F7-4668-BE54-9A1E7A4F7556}") = "gcs.UnitTests.core", "tests\gcs.UnitTests.core.csproj", "{C8F945AF-3665-4385-980D-9AD26D343218}"
EndProject
Project("{2150E333-8FDC-42A3-9474-1A3956D46DE8}") = "Documents", "Documents", "{1107131A-33D9-4AEE-97DA-1C5B115CCFF1}"
	ProjectSection(SolutionItems) = preProject
		.editorconfig = .editorconfig
		.gitignore = .gitignore
		LICENSE = LICENSE
		PushNuget.ps1 = PushNuget.ps1
		README.md = README.md
	EndProjectSection
EndProject
Global
	GlobalSection(SolutionConfigurationPlatforms) = preSolution
		Debug|Any CPU = Debug|Any CPU
		Release|Any CPU = Release|Any CPU
	EndGlobalSection
	GlobalSection(ProjectConfigurationPlatforms) = postSolution
		{9C30607C-7402-4F9B-9CBD-2989B862893E}.Debug|Any CPU.ActiveCfg = Debug|Any CPU
		{9C30607C-7402-4F9B-9CBD-2989B862893E}.Debug|Any CPU.Build.0 = Debug|Any CPU
		{9C30607C-7402-4F9B-9CBD-2989B862893E}.Release|Any CPU.ActiveCfg = Release|Any CPU
		{9C30607C-7402-4F9B-9CBD-2989B862893E}.Release|Any CPU.Build.0 = Release|Any CPU
		{C8F945AF-3665-4385-980D-9AD26D343218}.Debug|Any CPU.ActiveCfg = Debug|Any CPU
		{C8F945AF-3665-4385-980D-9AD26D343218}.Debug|Any CPU.Build.0 = Debug|Any CPU
		{C8F945AF-3665-4385-980D-9AD26D343218}.Release|Any CPU.ActiveCfg = Release|Any CPU
		{C8F945AF-3665-4385-980D-9AD26D343218}.Release|Any CPU.Build.0 = Release|Any CPU
	EndGlobalSection
	GlobalSection(SolutionProperties) = preSolution
		HideSolutionNode = FALSE
	EndGlobalSection
	GlobalSection(ExtensibilityGlobals) = postSolution
		SolutionGuid = {56DCA325-B0B0-4AB5-BA9E-585350E05D71}
	EndGlobalSection
	GlobalSection(Performance) = preSolution
		HasPerformanceSessions = true
	EndGlobalSection
EndGlobal
